
Microsoft Visual Studio Solution File, Format Version 12.00
# Visual Studio Version 16
VisualStudioVersion = 16.0.30907.101
MinimumVisualStudioVersion = 10.0.40219.1
Project("{9A19103F-16F7-4668-BE54-9A1E7A4F7556}") = "DynamicProxyExample", "DynamicProxyExample\DynamicProxyExample.csproj", "{F94D52BA-B303-4C0C-A639-B00566939A11}"
EndProject
Global
	GlobalSection(SolutionConfigurationPlatforms) = preSolution
		Debug|Any CPU = Debug|Any CPU
		Release|Any CPU = Release|Any CPU
	EndGlobalSection
	GlobalSection(ProjectConfigurationPlatforms) = postSolution
		{F94D52BA-B303-4C0C-A639-B00566939A11}.Debug|Any CPU.ActiveCfg = Debug|Any CPU
		{F94D52BA-B303-4C0C-A639-B00566939A11}.Debug|Any CPU.Build.0 = Debug|Any CPU
		{F94D52BA-B303-4C0C-A639-B00566939A11}.Release|Any CPU.ActiveCfg = Release|Any CPU
		{F94D52BA-B303-4C0C-A639-B00566939A11}.Release|Any CPU.Build.0 = Release|Any CPU
	EndGlobalSection
	GlobalSection(SolutionProperties) = preSolution
		HideSolutionNode = FALSE
	EndGlobalSection
	GlobalSection(ExtensibilityGlobals) = postSolution
		SolutionGuid = {E0400F74-9EEB-4CBD-87F7-28A55FC4754B}
	EndGlobalSection
EndGlobal
